
Microsoft Visual Studio Solution File, Format Version 12.00
# Visual Studio 14
VisualStudioVersion = 14.0.25420.1
MinimumVisualStudioVersion = 10.0.40219.1
Project("{FAE04EC0-301F-11D3-BF4B-00C04F79EFBC}") = "WCFSOAPService", "WCFSOAPService\WCFSOAPService.csproj", "{BFDB4B8E-35B9-4258-A445-2D67F6FB1253}"
EndProject
Project("{FAE04EC0-301F-11D3-BF4B-00C04F79EFBC}") = "WCFSOAPService.Tests", "WCFSOAPService.Tests\WCFSOAPService.Tests.csproj", "{B0516D5B-E36B-4B26-AB50-B0D7FBD16041}"
EndProject
Global
	GlobalSection(SolutionConfigurationPlatforms) = preSolution
		Debug|Any CPU = Debug|Any CPU
		Release|Any CPU = Release|Any CPU
	EndGlobalSection
	GlobalSection(ProjectConfigurationPlatforms) = postSolution
		{BFDB4B8E-35B9-4258-A445-2D67F6FB1253}.Debug|Any CPU.ActiveCfg = Debug|Any CPU
		{BFDB4B8E-35B9-4258-A445-2D67F6FB1253}.Debug|Any CPU.Build.0 = Debug|Any CPU
		{BFDB4B8E-35B9-4258-A445-2D67F6FB1253}.Release|Any CPU.ActiveCfg = Release|Any CPU
		{BFDB4B8E-35B9-4258-A445-2D67F6FB1253}.Release|Any CPU.Build.0 = Release|Any CPU
		{B0516D5B-E36B-4B26-AB50-B0D7FBD16041}.Debug|Any CPU.ActiveCfg = Debug|Any CPU
		{B0516D5B-E36B-4B26-AB50-B0D7FBD16041}.Debug|Any CPU.Build.0 = Debug|Any CPU
		{B0516D5B-E36B-4B26-AB50-B0D7FBD16041}.Release|Any CPU.ActiveCfg = Release|Any CPU
		{B0516D5B-E36B-4B26-AB50-B0D7FBD16041}.Release|Any CPU.Build.0 = Release|Any CPU
	EndGlobalSection
	GlobalSection(SolutionProperties) = preSolution
		HideSolutionNode = FALSE
	EndGlobalSection
EndGlobal
